
Microsoft Visual Studio Solution File, Format Version 12.00
# Visual Studio Version 17
VisualStudioVersion = 17.12.35527.113 d17.12
MinimumVisualStudioVersion = 10.0.40219.1
Project("{FAE04EC0-301F-11D3-BF4B-00C04F79EFBC}") = "DemoTesting", "DemoTesting\DemoTesting.csproj", "{DE2A35D2-9D9F-4532-A943-BE5F6EB37B05}"
EndProject
Project("{FAE04EC0-301F-11D3-BF4B-00C04F79EFBC}") = "DemoTesting.BLL", "DemoTesting.BLL\DemoTesting.BLL.csproj", "{D30F6FCF-28BC-482B-AA07-9C25AF547E22}"
EndProject
Project("{FAE04EC0-301F-11D3-BF4B-00C04F79EFBC}") = "DemoTesting.BLL.Test", "DemoTesting.BLL.Test\DemoTesting.BLL.Test.csproj", "{22220B66-A9B1-4FC1-B62A-E279DBA8FF43}"
EndProject
Global
	GlobalSection(SolutionConfigurationPlatforms) = preSolution
		Debug|Any CPU = Debug|Any CPU
		Release|Any CPU = Release|Any CPU
	EndGlobalSection
	GlobalSection(ProjectConfigurationPlatforms) = postSolution
		{DE2A35D2-9D9F-4532-A943-BE5F6EB37B05}.Debug|Any CPU.ActiveCfg = Debug|Any CPU
		{DE2A35D2-9D9F-4532-A943-BE5F6EB37B05}.Debug|Any CPU.Build.0 = Debug|Any CPU
		{DE2A35D2-9D9F-4532-A943-BE5F6EB37B05}.Release|Any CPU.ActiveCfg = Release|Any CPU
		{DE2A35D2-9D9F-4532-A943-BE5F6EB37B05}.Release|Any CPU.Build.0 = Release|Any CPU
		{D30F6FCF-28BC-482B-AA07-9C25AF547E22}.Debug|Any CPU.ActiveCfg = Debug|Any CPU
		{D30F6FCF-28BC-482B-AA07-9C25AF547E22}.Debug|Any CPU.Build.0 = Debug|Any CPU
		{D30F6FCF-28BC-482B-AA07-9C25AF547E22}.Release|Any CPU.ActiveCfg = Release|Any CPU
		{D30F6FCF-28BC-482B-AA07-9C25AF547E22}.Release|Any CPU.Build.0 = Release|Any CPU
		{22220B66-A9B1-4FC1-B62A-E279DBA8FF43}.Debug|Any CPU.ActiveCfg = Debug|Any CPU
		{22220B66-A9B1-4FC1-B62A-E279DBA8FF43}.Debug|Any CPU.Build.0 = Debug|Any CPU
		{22220B66-A9B1-4FC1-B62A-E279DBA8FF43}.Release|Any CPU.ActiveCfg = Release|Any CPU
		{22220B66-A9B1-4FC1-B62A-E279DBA8FF43}.Release|Any CPU.Build.0 = Release|Any CPU
	EndGlobalSection
	GlobalSection(SolutionProperties) = preSolution
		HideSolutionNode = FALSE
	EndGlobalSection
EndGlobal
